
Microsoft Visual Studio Solution File, Format Version 12.00
# Visual Studio Version 17
VisualStudioVersion = 17.0.31903.59
MinimumVisualStudioVersion = 10.0.40219.1
Project("{FAE04EC0-301F-11D3-BF4B-00C04F79EFBC}") = "ShidduchNotebook.Web", "ShidduchNotebook.Web\ShidduchNotebook.Web.csproj", "{4A38BB61-9029-453E-9766-EF0D944462FF}"
EndProject
Project("{FAE04EC0-301F-11D3-BF4B-00C04F79EFBC}") = "ShidduchNotebook.Data", "ShidduchNotebook.Data\ShidduchNotebook.Data.csproj", "{EC834C17-A218-419D-8F9F-7224A0EDEEF3}"
EndProject
Global
	GlobalSection(SolutionConfigurationPlatforms) = preSolution
		Debug|Any CPU = Debug|Any CPU
		Release|Any CPU = Release|Any CPU
	EndGlobalSection
	GlobalSection(SolutionProperties) = preSolution
		HideSolutionNode = FALSE
	EndGlobalSection
	GlobalSection(ProjectConfigurationPlatforms) = postSolution
		{4A38BB61-9029-453E-9766-EF0D944462FF}.Debug|Any CPU.ActiveCfg = Debug|Any CPU
		{4A38BB61-9029-453E-9766-EF0D944462FF}.Debug|Any CPU.Build.0 = Debug|Any CPU
		{4A38BB61-9029-453E-9766-EF0D944462FF}.Release|Any CPU.ActiveCfg = Release|Any CPU
		{4A38BB61-9029-453E-9766-EF0D944462FF}.Release|Any CPU.Build.0 = Release|Any CPU
		{EC834C17-A218-419D-8F9F-7224A0EDEEF3}.Debug|Any CPU.ActiveCfg = Debug|Any CPU
		{EC834C17-A218-419D-8F9F-7224A0EDEEF3}.Debug|Any CPU.Build.0 = Debug|Any CPU
		{EC834C17-A218-419D-8F9F-7224A0EDEEF3}.Release|Any CPU.ActiveCfg = Release|Any CPU
		{EC834C17-A218-419D-8F9F-7224A0EDEEF3}.Release|Any CPU.Build.0 = Release|Any CPU
	EndGlobalSection
EndGlobal
